
Microsoft Visual Studio Solution File, Format Version 12.00
# Visual Studio Version 17
VisualStudioVersion = 17.14.36310.24 d17.14
MinimumVisualStudioVersion = 10.0.40219.1
Project("{FAE04EC0-301F-11D3-BF4B-00C04F79EFBC}") = "GastosResidenciaisAPI", "GastosResidenciaisAPI\GastosResidenciaisAPI.csproj", "{F4CE4C28-891F-4E39-8C71-B0BF07D553E5}"
EndProject
Global
	GlobalSection(SolutionConfigurationPlatforms) = preSolution
		Debug|Any CPU = Debug|Any CPU
		Release|Any CPU = Release|Any CPU
	EndGlobalSection
	GlobalSection(ProjectConfigurationPlatforms) = postSolution
		{F4CE4C28-891F-4E39-8C71-B0BF07D553E5}.Debug|Any CPU.ActiveCfg = Debug|Any CPU
		{F4CE4C28-891F-4E39-8C71-B0BF07D553E5}.Debug|Any CPU.Build.0 = Debug|Any CPU
		{F4CE4C28-891F-4E39-8C71-B0BF07D553E5}.Release|Any CPU.ActiveCfg = Release|Any CPU
		{F4CE4C28-891F-4E39-8C71-B0BF07D553E5}.Release|Any CPU.Build.0 = Release|Any CPU
	EndGlobalSection
	GlobalSection(SolutionProperties) = preSolution
		HideSolutionNode = FALSE
	EndGlobalSection
	GlobalSection(ExtensibilityGlobals) = postSolution
		SolutionGuid = {58424DA5-06DC-4CD9-8729-F935BD2E2C97}
	EndGlobalSection
EndGlobal
